
Microsoft Visual Studio Solution File, Format Version 12.00
# Visual Studio 2013
VisualStudioVersion = 12.0.40629.0
MinimumVisualStudioVersion = 10.0.40219.1
Project("{FAE04EC0-301F-11D3-BF4B-00C04F79EFBC}") = "SSOAPP", "SSOAPP\SSOAPP.csproj", "{F53A545B-202A-4680-869E-1DDEA5F1F549}"
EndProject
Project("{FAE04EC0-301F-11D3-BF4B-00C04F79EFBC}") = "Webapp1", "Webapp1\Webapp1.csproj", "{03E4343C-62C9-4E8B-9A65-F9B6A02112CF}"
EndProject
Global
	GlobalSection(SolutionConfigurationPlatforms) = preSolution
		Debug|Any CPU = Debug|Any CPU
		Release|Any CPU = Release|Any CPU
	EndGlobalSection
	GlobalSection(ProjectConfigurationPlatforms) = postSolution
		{F53A545B-202A-4680-869E-1DDEA5F1F549}.Debug|Any CPU.ActiveCfg = Debug|Any CPU
		{F53A545B-202A-4680-869E-1DDEA5F1F549}.Debug|Any CPU.Build.0 = Debug|Any CPU
		{F53A545B-202A-4680-869E-1DDEA5F1F549}.Release|Any CPU.ActiveCfg = Release|Any CPU
		{F53A545B-202A-4680-869E-1DDEA5F1F549}.Release|Any CPU.Build.0 = Release|Any CPU
		{03E4343C-62C9-4E8B-9A65-F9B6A02112CF}.Debug|Any CPU.ActiveCfg = Debug|Any CPU
		{03E4343C-62C9-4E8B-9A65-F9B6A02112CF}.Debug|Any CPU.Build.0 = Debug|Any CPU
		{03E4343C-62C9-4E8B-9A65-F9B6A02112CF}.Release|Any CPU.ActiveCfg = Release|Any CPU
		{03E4343C-62C9-4E8B-9A65-F9B6A02112CF}.Release|Any CPU.Build.0 = Release|Any CPU
	EndGlobalSection
	GlobalSection(SolutionProperties) = preSolution
		HideSolutionNode = FALSE
	EndGlobalSection
EndGlobal
